PODS:
  - KeychainSwift (15.0.0)
  - PromiseKit/CorePromise (6.8.4)
  - Shop (0.1.2):
    - KeychainSwift (~> 15.0)
    - PromiseKit/CorePromise (~> 6.2)

DEPENDENCIES:
  - Shop (from `../`)

SPEC REPOS:
  https://github.com/cocoapods/specs.git:
    - KeychainSwift
    - PromiseKit

EXTERNAL SOURCES:
  Shop:
    :path: "../"

SPEC CHECKSUMS:
  KeychainSwift: c6fc018d287804faf1ce3f258a1e51a7178c8382
  PromiseKit: 51794a832647e7b819336dc2279039ce9f1cc49b
  Shop: 296ad2261c4053f9fc5bb06d380ddb2cd1093e59

PODFILE CHECKSUM: ac3e980af61e5aab0035485e6176d372e1cd1f3d

COCOAPODS: 1.6.0
