PODS:
  - KeychainSwift (7.0.1)
  - PromiseKit (6.2.7):
    - PromiseKit/CorePromise (= 6.2.7)
    - PromiseKit/Foundation (= 6.2.7)
    - PromiseKit/UIKit (= 6.2.7)
  - PromiseKit/CorePromise (6.2.7)
  - PromiseKit/Foundation (6.2.7):
    - PromiseKit/CorePromise
  - PromiseKit/UIKit (6.2.7):
    - PromiseKit/CorePromise
  - Shop (0.1.0):
    - KeychainSwift (~> 7.0)
    - PromiseKit (~> 6.2)

DEPENDENCIES:
  - Shop (from `../`)

SPEC REPOS:
  https://github.com/cocoapods/specs.git:
    - KeychainSwift
    - PromiseKit

EXTERNAL SOURCES:
  Shop:
    :path: "../"

SPEC CHECKSUMS:
  KeychainSwift: 7e15d26b1d6fc504a5eadb89a3e8ab17b2d3573a
  PromiseKit: 12b9d87748b170714247d8b2677146ca57e488f2
  Shop: 423309589005299090fa36c97ebb785ea8702910

PODFILE CHECKSUM: bff12d5866e2a4a877efdb01db3fb6d3989851f6

COCOAPODS: 1.5.2
